<?xml version="1.0" encoding="utf-8"?>
<Project ToolsVersion="4.0" xmlns="http://schemas.microsoft.com/developer/msbuild/2003">
  <ItemGroup>
    <ClCompile Include="src\main.cpp" />
    <ClCompile Include="..\..\ofxGrabCam\src\ofxGrabCam.cpp">
      <Filter>ofxGrabCam</Filter>
    </ClCompile>
  </ItemGroup>
  <ItemGroup>
    <Filter Include="ofxGrabCam">
      <UniqueIdentifier>{9e2bf651-c7c7-4297-ad37-54235c0c4db3}</UniqueIdentifier>
    </Filter>
  </ItemGroup>
  <ItemGroup>
    <ClInclude Include="..\..\ofxGrabCam\src\ofxGrabCam.h">
      <Filter>ofxGrabCam</Filter>
    </ClInclude>
  </ItemGroup>
</Project>